{
  "name": "esbuild-plugin-glslx",
  "version": "0.0.1",
  "lockfileVersion": 1,
  "requires": true,
  "dependencies": {
    "glslx": {
      "version": "0.2.11",
      "resolved": "https://registry.npmjs.org/glslx/-/glslx-0.2.11.tgz",
      "integrity": "sha512-vbiMgstxfUv8arX8AMnfoDFlOzA07iX7XayMiAqq3cjB6A4msY4+2B+Rbl7HWBUfZ5yVmgePA6xyEeh8OwhCuA=="
    }
  }
}
