{
  "name": "esbuild-plugin-glslx",
  "version": "0.1.0",
  "lockfileVersion": 2,
  "requires": true,
  "packages": {
    "": {
      "name": "esbuild-plugin-glslx",
      "version": "0.1.0",
      "license": "MIT",
      "dependencies": {
        "glslx": "0.3.0"
      }
    },
    "node_modules/glslx": {
      "version": "0.3.0",
      "resolved": "https://registry.npmjs.org/glslx/-/glslx-0.3.0.tgz",
      "integrity": "sha512-T6RUrpLr7fRXUFWc5nAUN42tEzjYDLEJC1HcjIL7tXAGfsjXXslTmFhsC8cJPnB22r1D1MaXt/JmY/ugrXRj/Q==",
      "bin": {
        "glslx": "glslx"
      }
    }
  },
  "dependencies": {
    "glslx": {
      "version": "0.3.0",
      "resolved": "https://registry.npmjs.org/glslx/-/glslx-0.3.0.tgz",
      "integrity": "sha512-T6RUrpLr7fRXUFWc5nAUN42tEzjYDLEJC1HcjIL7tXAGfsjXXslTmFhsC8cJPnB22r1D1MaXt/JmY/ugrXRj/Q=="
    }
  }
}
