{
  "name": "esbuild-plugin-glslx",
  "version": "0.1.0",
  "lockfileVersion": 2,
  "requires": true,
  "packages": {
    "": {
      "name": "esbuild-plugin-glslx",
      "version": "0.1.0",
      "license": "MIT",
      "dependencies": {
        "glslx": "0.3.1"
      }
    },
    "node_modules/glslx": {
      "version": "0.3.1",
      "resolved": "https://registry.npmjs.org/glslx/-/glslx-0.3.1.tgz",
      "integrity": "sha512-F3+QsQRol9JNv3N6Jw4K7cSeIFwy7/UqiGb0x8J3Q7IvEuBSfj+o59cbKdPQLnBY0LsyqfArAyxldax1FbPb6w==",
      "license": "MIT",
      "bin": {
        "glslx": "glslx"
      }
    }
  },
  "dependencies": {
    "glslx": {
      "version": "0.3.1",
      "resolved": "https://registry.npmjs.org/glslx/-/glslx-0.3.1.tgz",
      "integrity": "sha512-F3+QsQRol9JNv3N6Jw4K7cSeIFwy7/UqiGb0x8J3Q7IvEuBSfj+o59cbKdPQLnBY0LsyqfArAyxldax1FbPb6w=="
    }
  }
}
